
Microsoft Visual Studio Solution File, Format Version 12.00
# Visual Studio Version 17
VisualStudioVersion = 17.14.36717.8
MinimumVisualStudioVersion = 10.0.40219.1
Project("{FAE04EC0-301F-11D3-BF4B-00C04F79EFBC}") = "AOC_2025_1_Dec", "AOC_2025\AOC_2025_1_Dec.csproj", "{99A7DD15-EFA1-4B4B-8A18-9225F9FE6DDE}"
EndProject
Project("{FAE04EC0-301F-11D3-BF4B-00C04F79EFBC}") = "AOC_2025_2_Dec", "AOC_2025_2_Dec\AOC_2025_2_Dec.csproj", "{A967CBE3-6647-45CC-9F84-98DDF2CF1476}"
EndProject
Project("{FAE04EC0-301F-11D3-BF4B-00C04F79EFBC}") = "AOC_2025_3_Dec", "AOC_2025_3_Dec\AOC_2025_3_Dec.csproj", "{A60D9C79-EB2E-4E5B-AF6A-12D5918DE95E}"
EndProject
Project("{FAE04EC0-301F-11D3-BF4B-00C04F79EFBC}") = "AOC_2025_4_Dec", "AOC_2025_4_Dec\AOC_2025_4_Dec.csproj", "{F1B0B654-7847-4517-82A2-55052E5094AE}"
EndProject
Global
	GlobalSection(SolutionConfigurationPlatforms) = preSolution
		Debug|Any CPU = Debug|Any CPU
		Release|Any CPU = Release|Any CPU
	EndGlobalSection
	GlobalSection(ProjectConfigurationPlatforms) = postSolution
		{99A7DD15-EFA1-4B4B-8A18-9225F9FE6DDE}.Debug|Any CPU.ActiveCfg = Debug|Any CPU
		{99A7DD15-EFA1-4B4B-8A18-9225F9FE6DDE}.Debug|Any CPU.Build.0 = Debug|Any CPU
		{99A7DD15-EFA1-4B4B-8A18-9225F9FE6DDE}.Release|Any CPU.ActiveCfg = Release|Any CPU
		{99A7DD15-EFA1-4B4B-8A18-9225F9FE6DDE}.Release|Any CPU.Build.0 = Release|Any CPU
		{A967CBE3-6647-45CC-9F84-98DDF2CF1476}.Debug|Any CPU.ActiveCfg = Debug|Any CPU
		{A967CBE3-6647-45CC-9F84-98DDF2CF1476}.Debug|Any CPU.Build.0 = Debug|Any CPU
		{A967CBE3-6647-45CC-9F84-98DDF2CF1476}.Release|Any CPU.ActiveCfg = Release|Any CPU
		{A967CBE3-6647-45CC-9F84-98DDF2CF1476}.Release|Any CPU.Build.0 = Release|Any CPU
		{A60D9C79-EB2E-4E5B-AF6A-12D5918DE95E}.Debug|Any CPU.ActiveCfg = Debug|Any CPU
		{A60D9C79-EB2E-4E5B-AF6A-12D5918DE95E}.Debug|Any CPU.Build.0 = Debug|Any CPU
		{A60D9C79-EB2E-4E5B-AF6A-12D5918DE95E}.Release|Any CPU.ActiveCfg = Release|Any CPU
		{A60D9C79-EB2E-4E5B-AF6A-12D5918DE95E}.Release|Any CPU.Build.0 = Release|Any CPU
		{F1B0B654-7847-4517-82A2-55052E5094AE}.Debug|Any CPU.ActiveCfg = Debug|Any CPU
		{F1B0B654-7847-4517-82A2-55052E5094AE}.Debug|Any CPU.Build.0 = Debug|Any CPU
		{F1B0B654-7847-4517-82A2-55052E5094AE}.Release|Any CPU.ActiveCfg = Release|Any CPU
		{F1B0B654-7847-4517-82A2-55052E5094AE}.Release|Any CPU.Build.0 = Release|Any CPU
	EndGlobalSection
	GlobalSection(SolutionProperties) = preSolution
		HideSolutionNode = FALSE
	EndGlobalSection
	GlobalSection(ExtensibilityGlobals) = postSolution
		SolutionGuid = {4FD3D0E4-93CF-4682-8BAF-551765799AE7}
	EndGlobalSection
EndGlobal
