
Microsoft Visual Studio Solution File, Format Version 12.00
# Visual Studio Version 17
VisualStudioVersion = 17.14.36717.8
MinimumVisualStudioVersion = 10.0.40219.1
Project("{FAE04EC0-301F-11D3-BF4B-00C04F79EFBC}") = "AOC_2025_1_Dec", "AOC_2025\AOC_2025_1_Dec.csproj", "{99A7DD15-EFA1-4B4B-8A18-9225F9FE6DDE}"
EndProject
Project("{FAE04EC0-301F-11D3-BF4B-00C04F79EFBC}") = "AOC_2025_2_Dec", "AOC_2025_2_Dec\AOC_2025_2_Dec.csproj", "{A967CBE3-6647-45CC-9F84-98DDF2CF1476}"
EndProject
Project("{FAE04EC0-301F-11D3-BF4B-00C04F79EFBC}") = "AOC_2025_3_Dec", "AOC_2025_3_Dec\AOC_2025_3_Dec.csproj", "{A60D9C79-EB2E-4E5B-AF6A-12D5918DE95E}"
EndProject
Project("{FAE04EC0-301F-11D3-BF4B-00C04F79EFBC}") = "AOC_2025_4_Dec", "AOC_2025_4_Dec\AOC_2025_4_Dec.csproj", "{F1B0B654-7847-4517-82A2-55052E5094AE}"
EndProject
Project("{FAE04EC0-301F-11D3-BF4B-00C04F79EFBC}") = "AOC_2025_5_Dec", "AOC_2025_5_Dec\AOC_2025_5_Dec.csproj", "{D54ED70F-8AF6-42D0-90C8-BCADE0332728}"
EndProject
Project("{FAE04EC0-301F-11D3-BF4B-00C04F79EFBC}") = "AOC_2025_6_Dec", "AOC_2025_6_Dec\AOC_2025_6_Dec.csproj", "{852BDB5A-BB85-46FC-BFEB-734A1A7795C1}"
EndProject
Project("{FAE04EC0-301F-11D3-BF4B-00C04F79EFBC}") = "AOC_2025_7_Dec", "AOC_2025_7_Dec\AOC_2025_7_Dec.csproj", "{A5F8744B-5F26-444A-B7B6-593983A289AB}"
EndProject
Project("{FAE04EC0-301F-11D3-BF4B-00C04F79EFBC}") = "AOC_2025_8_Dec", "AOC_2025_8_Dec\AOC_2025_8_Dec.csproj", "{BA592831-2C6B-4086-87AE-1C182E8F1B05}"
EndProject
Global
	GlobalSection(SolutionConfigurationPlatforms) = preSolution
		Debug|Any CPU = Debug|Any CPU
		Release|Any CPU = Release|Any CPU
	EndGlobalSection
	GlobalSection(ProjectConfigurationPlatforms) = postSolution
		{99A7DD15-EFA1-4B4B-8A18-9225F9FE6DDE}.Debug|Any CPU.ActiveCfg = Debug|Any CPU
		{99A7DD15-EFA1-4B4B-8A18-9225F9FE6DDE}.Debug|Any CPU.Build.0 = Debug|Any CPU
		{99A7DD15-EFA1-4B4B-8A18-9225F9FE6DDE}.Release|Any CPU.ActiveCfg = Release|Any CPU
		{99A7DD15-EFA1-4B4B-8A18-9225F9FE6DDE}.Release|Any CPU.Build.0 = Release|Any CPU
		{A967CBE3-6647-45CC-9F84-98DDF2CF1476}.Debug|Any CPU.ActiveCfg = Debug|Any CPU
		{A967CBE3-6647-45CC-9F84-98DDF2CF1476}.Debug|Any CPU.Build.0 = Debug|Any CPU
		{A967CBE3-6647-45CC-9F84-98DDF2CF1476}.Release|Any CPU.ActiveCfg = Release|Any CPU
		{A967CBE3-6647-45CC-9F84-98DDF2CF1476}.Release|Any CPU.Build.0 = Release|Any CPU
		{A60D9C79-EB2E-4E5B-AF6A-12D5918DE95E}.Debug|Any CPU.ActiveCfg = Debug|Any CPU
		{A60D9C79-EB2E-4E5B-AF6A-12D5918DE95E}.Debug|Any CPU.Build.0 = Debug|Any CPU
		{A60D9C79-EB2E-4E5B-AF6A-12D5918DE95E}.Release|Any CPU.ActiveCfg = Release|Any CPU
		{A60D9C79-EB2E-4E5B-AF6A-12D5918DE95E}.Release|Any CPU.Build.0 = Release|Any CPU
		{F1B0B654-7847-4517-82A2-55052E5094AE}.Debug|Any CPU.ActiveCfg = Debug|Any CPU
		{F1B0B654-7847-4517-82A2-55052E5094AE}.Debug|Any CPU.Build.0 = Debug|Any CPU
		{F1B0B654-7847-4517-82A2-55052E5094AE}.Release|Any CPU.ActiveCfg = Release|Any CPU
		{F1B0B654-7847-4517-82A2-55052E5094AE}.Release|Any CPU.Build.0 = Release|Any CPU
		{D54ED70F-8AF6-42D0-90C8-BCADE0332728}.Debug|Any CPU.ActiveCfg = Debug|Any CPU
		{D54ED70F-8AF6-42D0-90C8-BCADE0332728}.Debug|Any CPU.Build.0 = Debug|Any CPU
		{D54ED70F-8AF6-42D0-90C8-BCADE0332728}.Release|Any CPU.ActiveCfg = Release|Any CPU
		{D54ED70F-8AF6-42D0-90C8-BCADE0332728}.Release|Any CPU.Build.0 = Release|Any CPU
		{852BDB5A-BB85-46FC-BFEB-734A1A7795C1}.Debug|Any CPU.ActiveCfg = Debug|Any CPU
		{852BDB5A-BB85-46FC-BFEB-734A1A7795C1}.Debug|Any CPU.Build.0 = Debug|Any CPU
		{852BDB5A-BB85-46FC-BFEB-734A1A7795C1}.Release|Any CPU.ActiveCfg = Release|Any CPU
		{852BDB5A-BB85-46FC-BFEB-734A1A7795C1}.Release|Any CPU.Build.0 = Release|Any CPU
		{A5F8744B-5F26-444A-B7B6-593983A289AB}.Debug|Any CPU.ActiveCfg = Debug|Any CPU
		{A5F8744B-5F26-444A-B7B6-593983A289AB}.Debug|Any CPU.Build.0 = Debug|Any CPU
		{A5F8744B-5F26-444A-B7B6-593983A289AB}.Release|Any CPU.ActiveCfg = Release|Any CPU
		{A5F8744B-5F26-444A-B7B6-593983A289AB}.Release|Any CPU.Build.0 = Release|Any CPU
		{BA592831-2C6B-4086-87AE-1C182E8F1B05}.Debug|Any CPU.ActiveCfg = Debug|Any CPU
		{BA592831-2C6B-4086-87AE-1C182E8F1B05}.Debug|Any CPU.Build.0 = Debug|Any CPU
		{BA592831-2C6B-4086-87AE-1C182E8F1B05}.Release|Any CPU.ActiveCfg = Release|Any CPU
		{BA592831-2C6B-4086-87AE-1C182E8F1B05}.Release|Any CPU.Build.0 = Release|Any CPU
	EndGlobalSection
	GlobalSection(SolutionProperties) = preSolution
		HideSolutionNode = FALSE
	EndGlobalSection
	GlobalSection(ExtensibilityGlobals) = postSolution
		SolutionGuid = {4FD3D0E4-93CF-4682-8BAF-551765799AE7}
	EndGlobalSection
EndGlobal
